
Microsoft Visual Studio Solution File, Format Version 12.00
# Visual Studio Version 16
VisualStudioVersion = 16.0.29613.14
MinimumVisualStudioVersion = 10.0.40219.1
Project("{888888A0-9F3D-457C-B088-3A5042F75D52}") = "DSfinalproject", "DSfinalproject\DSfinalproject.pyproj", "{461C56AF-C7DC-4593-B5D5-FFEDB2CDFD97}"
EndProject
Global
	GlobalSection(SolutionConfigurationPlatforms) = preSolution
		Debug|Any CPU = Debug|Any CPU
		Release|Any CPU = Release|Any CPU
	EndGlobalSection
	GlobalSection(ProjectConfigurationPlatforms) = postSolution
		{461C56AF-C7DC-4593-B5D5-FFEDB2CDFD97}.Debug|Any CPU.ActiveCfg = Debug|Any CPU
		{461C56AF-C7DC-4593-B5D5-FFEDB2CDFD97}.Release|Any CPU.ActiveCfg = Release|Any CPU
	EndGlobalSection
	GlobalSection(SolutionProperties) = preSolution
		HideSolutionNode = FALSE
	EndGlobalSection
	GlobalSection(ExtensibilityGlobals) = postSolution
		SolutionGuid = {FBAFE3A7-A301-492E-A665-67452B49F4DA}
	EndGlobalSection
EndGlobal
